
Microsoft Visual Studio Solution File, Format Version 12.00
# Visual Studio Version 16
VisualStudioVersion = 16.0.31424.327
MinimumVisualStudioVersion = 10.0.40219.1
Project("{888888A0-9F3D-457C-B088-3A5042F75D52}") = "Pythonpandstest", "Pythonpandstest\Pythonpandstest.pyproj", "{8CDA4426-F8CE-44F4-942F-4367BBF2DBFB}"
EndProject
Global
	GlobalSection(SolutionConfigurationPlatforms) = preSolution
		Debug|Any CPU = Debug|Any CPU
		Release|Any CPU = Release|Any CPU
	EndGlobalSection
	GlobalSection(ProjectConfigurationPlatforms) = postSolution
		{8CDA4426-F8CE-44F4-942F-4367BBF2DBFB}.Debug|Any CPU.ActiveCfg = Debug|Any CPU
		{8CDA4426-F8CE-44F4-942F-4367BBF2DBFB}.Release|Any CPU.ActiveCfg = Release|Any CPU
	EndGlobalSection
	GlobalSection(SolutionProperties) = preSolution
		HideSolutionNode = FALSE
	EndGlobalSection
	GlobalSection(ExtensibilityGlobals) = postSolution
		SolutionGuid = {A6907FE2-B8E2-4888-8FC4-F8CBE09BE937}
	EndGlobalSection
EndGlobal
